
Microsoft Visual Studio Solution File, Format Version 12.00
# Visual Studio Version 17
VisualStudioVersion = 17.8.34511.84
MinimumVisualStudioVersion = 10.0.40219.1
Project("{FAE04EC0-301F-11D3-BF4B-00C04F79EFBC}") = "emailsImport", "emailsImport\emailsImport.csproj", "{94C09D6C-0E73-4103-B5AE-80EFCC9AD150}"
EndProject
Global
	GlobalSection(SolutionConfigurationPlatforms) = preSolution
		Debug|Any CPU = Debug|Any CPU
		Release|Any CPU = Release|Any CPU
	EndGlobalSection
	GlobalSection(ProjectConfigurationPlatforms) = postSolution
		{94C09D6C-0E73-4103-B5AE-80EFCC9AD150}.Debug|Any CPU.ActiveCfg = Debug|Any CPU
		{94C09D6C-0E73-4103-B5AE-80EFCC9AD150}.Debug|Any CPU.Build.0 = Debug|Any CPU
		{94C09D6C-0E73-4103-B5AE-80EFCC9AD150}.Release|Any CPU.ActiveCfg = Release|Any CPU
		{94C09D6C-0E73-4103-B5AE-80EFCC9AD150}.Release|Any CPU.Build.0 = Release|Any CPU
	EndGlobalSection
	GlobalSection(SolutionProperties) = preSolution
		HideSolutionNode = FALSE
	EndGlobalSection
	GlobalSection(ExtensibilityGlobals) = postSolution
		SolutionGuid = {F4EC7517-25CE-4E7E-B8F2-171E57806CF4}
	EndGlobalSection
EndGlobal
